
Microsoft Visual Studio Solution File, Format Version 12.00
# Visual Studio Version 17
VisualStudioVersion = 17.5.002.0
MinimumVisualStudioVersion = 10.0.40219.1
Project("{9A19103F-16F7-4668-BE54-9A1E7A4F7556}") = "simpleATM", "simpleATM.csproj", "{C3D9380B-C5CB-4E30-AEDC-F6CA1713634E}"
EndProject
Global
	GlobalSection(SolutionConfigurationPlatforms) = preSolution
		Debug|Any CPU = Debug|Any CPU
		Release|Any CPU = Release|Any CPU
	EndGlobalSection
	GlobalSection(ProjectConfigurationPlatforms) = postSolution
		{C3D9380B-C5CB-4E30-AEDC-F6CA1713634E}.Debug|Any CPU.ActiveCfg = Debug|Any CPU
		{C3D9380B-C5CB-4E30-AEDC-F6CA1713634E}.Debug|Any CPU.Build.0 = Debug|Any CPU
		{C3D9380B-C5CB-4E30-AEDC-F6CA1713634E}.Release|Any CPU.ActiveCfg = Release|Any CPU
		{C3D9380B-C5CB-4E30-AEDC-F6CA1713634E}.Release|Any CPU.Build.0 = Release|Any CPU
	EndGlobalSection
	GlobalSection(SolutionProperties) = preSolution
		HideSolutionNode = FALSE
	EndGlobalSection
	GlobalSection(ExtensibilityGlobals) = postSolution
		SolutionGuid = {73502F8E-ED6E-47AB-96FD-D5DE5EEADF26}
	EndGlobalSection
EndGlobal
