
Microsoft Visual Studio Solution File, Format Version 12.00
# Visual Studio Version 17
VisualStudioVersion = 17.5.002.0
MinimumVisualStudioVersion = 10.0.40219.1
Project("{9A19103F-16F7-4668-BE54-9A1E7A4F7556}") = "simpleArrays2", "simpleArrays2.csproj", "{30FCF3AE-9E9A-46FF-BB2D-DCAF308AD334}"
EndProject
Global
	GlobalSection(SolutionConfigurationPlatforms) = preSolution
		Debug|Any CPU = Debug|Any CPU
		Release|Any CPU = Release|Any CPU
	EndGlobalSection
	GlobalSection(ProjectConfigurationPlatforms) = postSolution
		{30FCF3AE-9E9A-46FF-BB2D-DCAF308AD334}.Debug|Any CPU.ActiveCfg = Debug|Any CPU
		{30FCF3AE-9E9A-46FF-BB2D-DCAF308AD334}.Debug|Any CPU.Build.0 = Debug|Any CPU
		{30FCF3AE-9E9A-46FF-BB2D-DCAF308AD334}.Release|Any CPU.ActiveCfg = Release|Any CPU
		{30FCF3AE-9E9A-46FF-BB2D-DCAF308AD334}.Release|Any CPU.Build.0 = Release|Any CPU
	EndGlobalSection
	GlobalSection(SolutionProperties) = preSolution
		HideSolutionNode = FALSE
	EndGlobalSection
	GlobalSection(ExtensibilityGlobals) = postSolution
		SolutionGuid = {BB081110-AA57-47C8-A225-ACDF4012CBCA}
	EndGlobalSection
EndGlobal
